
Microsoft Visual Studio Solution File, Format Version 12.00
# Visual Studio 15
VisualStudioVersion = 15.0.28307.168
MinimumVisualStudioVersion = 10.0.40219.1
Project("{FAE04EC0-301F-11D3-BF4B-00C04F79EFBC}") = "DN_Lab02_UnitTesting", "DN_Lab02_UnitTesting\DN_Lab02_UnitTesting.csproj", "{F42EBD64-06DB-49BB-80AB-E1CEE232AC5B}"
EndProject
Project("{FAE04EC0-301F-11D3-BF4B-00C04F79EFBC}") = "ATM_Tests", "ATM_Tests\ATM_Tests.csproj", "{253597F3-DA0A-44AD-869A-AEDDCA21954C}"
EndProject
Global
	GlobalSection(SolutionConfigurationPlatforms) = preSolution
		Debug|Any CPU = Debug|Any CPU
		Release|Any CPU = Release|Any CPU
	EndGlobalSection
	GlobalSection(ProjectConfigurationPlatforms) = postSolution
		{F42EBD64-06DB-49BB-80AB-E1CEE232AC5B}.Debug|Any CPU.ActiveCfg = Debug|Any CPU
		{F42EBD64-06DB-49BB-80AB-E1CEE232AC5B}.Debug|Any CPU.Build.0 = Debug|Any CPU
		{F42EBD64-06DB-49BB-80AB-E1CEE232AC5B}.Release|Any CPU.ActiveCfg = Release|Any CPU
		{F42EBD64-06DB-49BB-80AB-E1CEE232AC5B}.Release|Any CPU.Build.0 = Release|Any CPU
		{253597F3-DA0A-44AD-869A-AEDDCA21954C}.Debug|Any CPU.ActiveCfg = Debug|Any CPU
		{253597F3-DA0A-44AD-869A-AEDDCA21954C}.Debug|Any CPU.Build.0 = Debug|Any CPU
		{253597F3-DA0A-44AD-869A-AEDDCA21954C}.Release|Any CPU.ActiveCfg = Release|Any CPU
		{253597F3-DA0A-44AD-869A-AEDDCA21954C}.Release|Any CPU.Build.0 = Release|Any CPU
	EndGlobalSection
	GlobalSection(SolutionProperties) = preSolution
		HideSolutionNode = FALSE
	EndGlobalSection
	GlobalSection(ExtensibilityGlobals) = postSolution
		SolutionGuid = {7F95A25E-C15D-4883-B762-AA917DA9F667}
	EndGlobalSection
EndGlobal
